
Microsoft Visual Studio Solution File, Format Version 12.00
# Visual Studio 14
VisualStudioVersion = 14.0.22310.1
MinimumVisualStudioVersion = 10.0.40219.1
Project("{FAE04EC0-301F-11D3-BF4B-00C04F79EFBC}") = "Holoware", "HoloEditor\Holoware.csproj", "{CED68376-B2AF-4DFF-B83D-F082D4D1CECC}"
EndProject
Project("{FAE04EC0-301F-11D3-BF4B-00C04F79EFBC}") = "ArchitectureModule", "ArchitectureModule\ArchitectureModule.csproj", "{8542EEB9-EE3D-49DA-8185-E2EA2A9FEDE8}"
EndProject
Project("{FAE04EC0-301F-11D3-BF4B-00C04F79EFBC}") = "ModulesModule", "ModulesModule\ModulesModule.csproj", "{13B10100-1422-47FE-9FE1-AB9C3F357DFE}"
EndProject
Project("{FAE04EC0-301F-11D3-BF4B-00C04F79EFBC}") = "ModuleModule", "ModuleModule\ModuleModule.csproj", "{3E0F4418-8B7B-45DB-A22F-00EC5B448F7F}"
EndProject
Project("{FAE04EC0-301F-11D3-BF4B-00C04F79EFBC}") = "ClassModule", "ClassModule\ClassModule.csproj", "{B50488E8-212B-4774-BB96-F40013933915}"
EndProject
Project("{FAE04EC0-301F-11D3-BF4B-00C04F79EFBC}") = "Holoware.Tests", "HoloCoder.Tests\Holoware.Tests.csproj", "{5219DBCC-CAB5-4F60-B18A-7A8854BFB838}"
EndProject
Project("{2150E333-8FDC-42A3-9474-1A3956D46DE8}") = "Modules", "Modules", "{08225140-808A-40D3-B42A-EB5B0DB1B607}"
EndProject
Project("{FAE04EC0-301F-11D3-BF4B-00C04F79EFBC}") = "Holoware.TestAPI", "HoloCoder.TestAPI\Holoware.TestAPI.csproj", "{E8EB2FC9-5D3B-49CE-94F5-617DAFB36DE2}"
EndProject
Project("{2150E333-8FDC-42A3-9474-1A3956D46DE8}") = "Tests", "Tests", "{A8DC7B17-6E99-4287-9937-1B1EC8544208}"
EndProject
Project("{2150E333-8FDC-42A3-9474-1A3956D46DE8}") = "WorkflowModules", "WorkflowModules", "{B5676292-9947-4AE0-9211-0FB5A399F21E}"
EndProject
Project("{2150E333-8FDC-42A3-9474-1A3956D46DE8}") = "SystemModules", "SystemModules", "{9C35BCE9-9A31-4E0A-9AC7-AD72C0DF2A87}"
EndProject
Project("{FAE04EC0-301F-11D3-BF4B-00C04F79EFBC}") = "NotificationModule", "NotificationModule\NotificationModule.csproj", "{07A964AC-BDCF-42A8-B12C-C91D4FF29BA6}"
EndProject
Project("{2150E333-8FDC-42A3-9474-1A3956D46DE8}") = "Utilities", "Utilities", "{CDB72F61-06FA-4FF5-BFEB-533D18663278}"
EndProject
Project("{FAE04EC0-301F-11D3-BF4B-00C04F79EFBC}") = "WorkflowOrchestrationModule", "OrchestrationModule\WorkflowOrchestrationModule.csproj", "{08701EDC-0A55-4EF0-9E15-D373C54667EB}"
EndProject
Project("{FAE04EC0-301F-11D3-BF4B-00C04F79EFBC}") = "UXModule", "UIModule\UXModule.csproj", "{DF44D9A3-98D1-4FAA-9005-2BD160E50FB3}"
EndProject
Project("{FAE04EC0-301F-11D3-BF4B-00C04F79EFBC}") = "RepositoryModule", "RepositoryModule\RepositoryModule.csproj", "{4B986E6A-1478-4587-BCB1-991BCCB22019}"
EndProject
Project("{FAE04EC0-301F-11D3-BF4B-00C04F79EFBC}") = "Bizmonger.UILogic", "UILogic\Bizmonger.UILogic.csproj", "{B9AEE580-FD19-4A1A-8F22-A5027961970E}"
EndProject
Project("{FAE04EC0-301F-11D3-BF4B-00C04F79EFBC}") = "Bizmonger.Patterns", "Patterns\Bizmonger.Patterns.csproj", "{D0463BCA-3E04-4495-80F8-14032DD99E73}"
EndProject
Project("{FAE04EC0-301F-11D3-BF4B-00C04F79EFBC}") = "Bizmonger.IO", "FileUtilities\Bizmonger.IO.csproj", "{092CD559-ECE3-425F-AFCF-A75B733991CF}"
EndProject
Project("{FAE04EC0-301F-11D3-BF4B-00C04F79EFBC}") = "BaseModule", "BaseModule\BaseModule.csproj", "{622F1BF8-DD0B-434A-A904-57266600062B}"
EndProject
Global
	GlobalSection(SolutionConfigurationPlatforms) = preSolution
		Debug|Any CPU = Debug|Any CPU
		Release|Any CPU = Release|Any CPU
	EndGlobalSection
	GlobalSection(ProjectConfigurationPlatforms) = postSolution
		{CED68376-B2AF-4DFF-B83D-F082D4D1CECC}.Debug|Any CPU.ActiveCfg = Debug|Any CPU
		{CED68376-B2AF-4DFF-B83D-F082D4D1CECC}.Debug|Any CPU.Build.0 = Debug|Any CPU
		{CED68376-B2AF-4DFF-B83D-F082D4D1CECC}.Release|Any CPU.ActiveCfg = Release|Any CPU
		{CED68376-B2AF-4DFF-B83D-F082D4D1CECC}.Release|Any CPU.Build.0 = Release|Any CPU
		{8542EEB9-EE3D-49DA-8185-E2EA2A9FEDE8}.Debug|Any CPU.ActiveCfg = Debug|Any CPU
		{8542EEB9-EE3D-49DA-8185-E2EA2A9FEDE8}.Debug|Any CPU.Build.0 = Debug|Any CPU
		{8542EEB9-EE3D-49DA-8185-E2EA2A9FEDE8}.Release|Any CPU.ActiveCfg = Release|Any CPU
		{8542EEB9-EE3D-49DA-8185-E2EA2A9FEDE8}.Release|Any CPU.Build.0 = Release|Any CPU
		{13B10100-1422-47FE-9FE1-AB9C3F357DFE}.Debug|Any CPU.ActiveCfg = Debug|Any CPU
		{13B10100-1422-47FE-9FE1-AB9C3F357DFE}.Debug|Any CPU.Build.0 = Debug|Any CPU
		{13B10100-1422-47FE-9FE1-AB9C3F357DFE}.Release|Any CPU.ActiveCfg = Release|Any CPU
		{13B10100-1422-47FE-9FE1-AB9C3F357DFE}.Release|Any CPU.Build.0 = Release|Any CPU
		{3E0F4418-8B7B-45DB-A22F-00EC5B448F7F}.Debug|Any CPU.ActiveCfg = Debug|Any CPU
		{3E0F4418-8B7B-45DB-A22F-00EC5B448F7F}.Debug|Any CPU.Build.0 = Debug|Any CPU
		{3E0F4418-8B7B-45DB-A22F-00EC5B448F7F}.Release|Any CPU.ActiveCfg = Release|Any CPU
		{3E0F4418-8B7B-45DB-A22F-00EC5B448F7F}.Release|Any CPU.Build.0 = Release|Any CPU
		{B50488E8-212B-4774-BB96-F40013933915}.Debug|Any CPU.ActiveCfg = Debug|Any CPU
		{B50488E8-212B-4774-BB96-F40013933915}.Debug|Any CPU.Build.0 = Debug|Any CPU
		{B50488E8-212B-4774-BB96-F40013933915}.Release|Any CPU.ActiveCfg = Release|Any CPU
		{B50488E8-212B-4774-BB96-F40013933915}.Release|Any CPU.Build.0 = Release|Any CPU
		{5219DBCC-CAB5-4F60-B18A-7A8854BFB838}.Debug|Any CPU.ActiveCfg = Debug|Any CPU
		{5219DBCC-CAB5-4F60-B18A-7A8854BFB838}.Debug|Any CPU.Build.0 = Debug|Any CPU
		{5219DBCC-CAB5-4F60-B18A-7A8854BFB838}.Release|Any CPU.ActiveCfg = Release|Any CPU
		{5219DBCC-CAB5-4F60-B18A-7A8854BFB838}.Release|Any CPU.Build.0 = Release|Any CPU
		{E8EB2FC9-5D3B-49CE-94F5-617DAFB36DE2}.Debug|Any CPU.ActiveCfg = Debug|Any CPU
		{E8EB2FC9-5D3B-49CE-94F5-617DAFB36DE2}.Debug|Any CPU.Build.0 = Debug|Any CPU
		{E8EB2FC9-5D3B-49CE-94F5-617DAFB36DE2}.Release|Any CPU.ActiveCfg = Release|Any CPU
		{E8EB2FC9-5D3B-49CE-94F5-617DAFB36DE2}.Release|Any CPU.Build.0 = Release|Any CPU
		{07A964AC-BDCF-42A8-B12C-C91D4FF29BA6}.Debug|Any CPU.ActiveCfg = Debug|Any CPU
		{07A964AC-BDCF-42A8-B12C-C91D4FF29BA6}.Debug|Any CPU.Build.0 = Debug|Any CPU
		{07A964AC-BDCF-42A8-B12C-C91D4FF29BA6}.Release|Any CPU.ActiveCfg = Release|Any CPU
		{07A964AC-BDCF-42A8-B12C-C91D4FF29BA6}.Release|Any CPU.Build.0 = Release|Any CPU
		{08701EDC-0A55-4EF0-9E15-D373C54667EB}.Debug|Any CPU.ActiveCfg = Debug|Any CPU
		{08701EDC-0A55-4EF0-9E15-D373C54667EB}.Debug|Any CPU.Build.0 = Debug|Any CPU
		{08701EDC-0A55-4EF0-9E15-D373C54667EB}.Release|Any CPU.ActiveCfg = Release|Any CPU
		{08701EDC-0A55-4EF0-9E15-D373C54667EB}.Release|Any CPU.Build.0 = Release|Any CPU
		{DF44D9A3-98D1-4FAA-9005-2BD160E50FB3}.Debug|Any CPU.ActiveCfg = Debug|Any CPU
		{DF44D9A3-98D1-4FAA-9005-2BD160E50FB3}.Debug|Any CPU.Build.0 = Debug|Any CPU
		{DF44D9A3-98D1-4FAA-9005-2BD160E50FB3}.Release|Any CPU.ActiveCfg = Release|Any CPU
		{DF44D9A3-98D1-4FAA-9005-2BD160E50FB3}.Release|Any CPU.Build.0 = Release|Any CPU
		{4B986E6A-1478-4587-BCB1-991BCCB22019}.Debug|Any CPU.ActiveCfg = Debug|Any CPU
		{4B986E6A-1478-4587-BCB1-991BCCB22019}.Debug|Any CPU.Build.0 = Debug|Any CPU
		{4B986E6A-1478-4587-BCB1-991BCCB22019}.Release|Any CPU.ActiveCfg = Release|Any CPU
		{4B986E6A-1478-4587-BCB1-991BCCB22019}.Release|Any CPU.Build.0 = Release|Any CPU
		{B9AEE580-FD19-4A1A-8F22-A5027961970E}.Debug|Any CPU.ActiveCfg = Debug|Any CPU
		{B9AEE580-FD19-4A1A-8F22-A5027961970E}.Debug|Any CPU.Build.0 = Debug|Any CPU
		{B9AEE580-FD19-4A1A-8F22-A5027961970E}.Release|Any CPU.ActiveCfg = Release|Any CPU
		{B9AEE580-FD19-4A1A-8F22-A5027961970E}.Release|Any CPU.Build.0 = Release|Any CPU
		{D0463BCA-3E04-4495-80F8-14032DD99E73}.Debug|Any CPU.ActiveCfg = Debug|Any CPU
		{D0463BCA-3E04-4495-80F8-14032DD99E73}.Debug|Any CPU.Build.0 = Debug|Any CPU
		{D0463BCA-3E04-4495-80F8-14032DD99E73}.Release|Any CPU.ActiveCfg = Release|Any CPU
		{D0463BCA-3E04-4495-80F8-14032DD99E73}.Release|Any CPU.Build.0 = Release|Any CPU
		{092CD559-ECE3-425F-AFCF-A75B733991CF}.Debug|Any CPU.ActiveCfg = Debug|Any CPU
		{092CD559-ECE3-425F-AFCF-A75B733991CF}.Debug|Any CPU.Build.0 = Debug|Any CPU
		{092CD559-ECE3-425F-AFCF-A75B733991CF}.Release|Any CPU.ActiveCfg = Release|Any CPU
		{092CD559-ECE3-425F-AFCF-A75B733991CF}.Release|Any CPU.Build.0 = Release|Any CPU
		{622F1BF8-DD0B-434A-A904-57266600062B}.Debug|Any CPU.ActiveCfg = Debug|Any CPU
		{622F1BF8-DD0B-434A-A904-57266600062B}.Debug|Any CPU.Build.0 = Debug|Any CPU
		{622F1BF8-DD0B-434A-A904-57266600062B}.Release|Any CPU.ActiveCfg = Release|Any CPU
		{622F1BF8-DD0B-434A-A904-57266600062B}.Release|Any CPU.Build.0 = Release|Any CPU
	EndGlobalSection
	GlobalSection(SolutionProperties) = preSolution
		HideSolutionNode = FALSE
	EndGlobalSection
	GlobalSection(NestedProjects) = preSolution
		{8542EEB9-EE3D-49DA-8185-E2EA2A9FEDE8} = {B5676292-9947-4AE0-9211-0FB5A399F21E}
		{13B10100-1422-47FE-9FE1-AB9C3F357DFE} = {B5676292-9947-4AE0-9211-0FB5A399F21E}
		{3E0F4418-8B7B-45DB-A22F-00EC5B448F7F} = {B5676292-9947-4AE0-9211-0FB5A399F21E}
		{B50488E8-212B-4774-BB96-F40013933915} = {B5676292-9947-4AE0-9211-0FB5A399F21E}
		{5219DBCC-CAB5-4F60-B18A-7A8854BFB838} = {A8DC7B17-6E99-4287-9937-1B1EC8544208}
		{E8EB2FC9-5D3B-49CE-94F5-617DAFB36DE2} = {A8DC7B17-6E99-4287-9937-1B1EC8544208}
		{B5676292-9947-4AE0-9211-0FB5A399F21E} = {08225140-808A-40D3-B42A-EB5B0DB1B607}
		{9C35BCE9-9A31-4E0A-9AC7-AD72C0DF2A87} = {08225140-808A-40D3-B42A-EB5B0DB1B607}
		{07A964AC-BDCF-42A8-B12C-C91D4FF29BA6} = {9C35BCE9-9A31-4E0A-9AC7-AD72C0DF2A87}
		{08701EDC-0A55-4EF0-9E15-D373C54667EB} = {B5676292-9947-4AE0-9211-0FB5A399F21E}
		{DF44D9A3-98D1-4FAA-9005-2BD160E50FB3} = {9C35BCE9-9A31-4E0A-9AC7-AD72C0DF2A87}
		{4B986E6A-1478-4587-BCB1-991BCCB22019} = {9C35BCE9-9A31-4E0A-9AC7-AD72C0DF2A87}
		{B9AEE580-FD19-4A1A-8F22-A5027961970E} = {CDB72F61-06FA-4FF5-BFEB-533D18663278}
		{D0463BCA-3E04-4495-80F8-14032DD99E73} = {CDB72F61-06FA-4FF5-BFEB-533D18663278}
		{092CD559-ECE3-425F-AFCF-A75B733991CF} = {CDB72F61-06FA-4FF5-BFEB-533D18663278}
		{622F1BF8-DD0B-434A-A904-57266600062B} = {B5676292-9947-4AE0-9211-0FB5A399F21E}
	EndGlobalSection
EndGlobal
